
Microsoft Visual Studio Solution File, Format Version 12.00
# Visual Studio Version 17
VisualStudioVersion = 17.6.33815.320
MinimumVisualStudioVersion = 10.0.40219.1
Project("{9A19103F-16F7-4668-BE54-9A1E7A4F7556}") = "LKN.EBusiness.Domain", "src\LKN.EBusiness.Domain\LKN.EBusiness.Domain.csproj", "{554AD327-6DBA-4F8F-96F8-81CE7A0C863F}"
EndProject
Project("{9A19103F-16F7-4668-BE54-9A1E7A4F7556}") = "LKN.EBusiness.Application", "src\LKN.EBusiness.Application\LKN.EBusiness.Application.csproj", "{1A94A50E-06DC-43C1-80B5-B662820EC3EB}"
EndProject
Project("{9A19103F-16F7-4668-BE54-9A1E7A4F7556}") = "LKN.EBusiness.EntityFrameworkCore", "src\LKN.EBusiness.EntityFrameworkCore\LKN.EBusiness.EntityFrameworkCore.csproj", "{C956DD76-69C8-4A9C-83EA-D17DF83340FD}"
EndProject
Project("{9A19103F-16F7-4668-BE54-9A1E7A4F7556}") = "LKN.EBusiness.Web", "src\LKN.EBusiness.Web\LKN.EBusiness.Web.csproj", "{068855E8-9240-4F1A-910B-CF825794513B}"
EndProject
Project("{2150E333-8FDC-42A3-9474-1A3956D46DE8}") = "src", "src", "{CA9AC87F-097E-4F15-8393-4BC07735A5B0}"
EndProject
Project("{2150E333-8FDC-42A3-9474-1A3956D46DE8}") = "test", "test", "{04DBDB01-70F4-4E06-B468-8F87850B22BE}"
EndProject
Project("{9A19103F-16F7-4668-BE54-9A1E7A4F7556}") = "LKN.EBusiness.Application.Tests", "test\LKN.EBusiness.Application.Tests\LKN.EBusiness.Application.Tests.csproj", "{50B2631D-129C-47B3-A587-029CCD6099BC}"
EndProject
Project("{9A19103F-16F7-4668-BE54-9A1E7A4F7556}") = "LKN.EBusiness.Web.Tests", "test\LKN.EBusiness.Web.Tests\LKN.EBusiness.Web.Tests.csproj", "{5F1B28C6-8D0C-4155-92D0-252F7EA5F674}"
EndProject
Project("{9A19103F-16F7-4668-BE54-9A1E7A4F7556}") = "LKN.EBusiness.Domain.Shared", "src\LKN.EBusiness.Domain.Shared\LKN.EBusiness.Domain.Shared.csproj", "{42F719ED-8413-4895-B5B4-5AB56079BC66}"
EndProject
Project("{9A19103F-16F7-4668-BE54-9A1E7A4F7556}") = "LKN.EBusiness.Application.Contracts", "src\LKN.EBusiness.Application.Contracts\LKN.EBusiness.Application.Contracts.csproj", "{520659C8-C734-4298-A3DA-B539DB9DFC0B}"
EndProject
Project("{9A19103F-16F7-4668-BE54-9A1E7A4F7556}") = "LKN.EBusiness.HttpApi", "src\LKN.EBusiness.HttpApi\LKN.EBusiness.HttpApi.csproj", "{4164BDF7-F527-4E85-9CE6-E3C2D7426A27}"
EndProject
Project("{9A19103F-16F7-4668-BE54-9A1E7A4F7556}") = "LKN.EBusiness.HttpApi.Client", "src\LKN.EBusiness.HttpApi.Client\LKN.EBusiness.HttpApi.Client.csproj", "{3B5A0094-670D-4BB1-BFDD-61B88A8773DC}"
EndProject
Project("{9A19103F-16F7-4668-BE54-9A1E7A4F7556}") = "LKN.EBusiness.EntityFrameworkCore.Tests", "test\LKN.EBusiness.EntityFrameworkCore.Tests\LKN.EBusiness.EntityFrameworkCore.Tests.csproj", "{1FE30EB9-74A9-47F5-A9F6-7B1FAB672D81}"
EndProject
Project("{9A19103F-16F7-4668-BE54-9A1E7A4F7556}") = "LKN.EBusiness.TestBase", "test\LKN.EBusiness.TestBase\LKN.EBusiness.TestBase.csproj", "{91853F21-9CD9-4132-BC29-A7D5D84FFFE7}"
EndProject
Project("{9A19103F-16F7-4668-BE54-9A1E7A4F7556}") = "LKN.EBusiness.Domain.Tests", "test\LKN.EBusiness.Domain.Tests\LKN.EBusiness.Domain.Tests.csproj", "{E512F4D9-9375-480F-A2F6-A46509F9D824}"
EndProject
Project("{9A19103F-16F7-4668-BE54-9A1E7A4F7556}") = "LKN.EBusiness.HttpApi.Client.ConsoleTestApp", "test\LKN.EBusiness.HttpApi.Client.ConsoleTestApp\LKN.EBusiness.HttpApi.Client.ConsoleTestApp.csproj", "{EF480016-9127-4916-8735-D2466BDBC582}"
EndProject
Project("{9A19103F-16F7-4668-BE54-9A1E7A4F7556}") = "LKN.EBusiness.DbMigrator", "src\LKN.EBusiness.DbMigrator\LKN.EBusiness.DbMigrator.csproj", "{AA94D832-1CCC-4715-95A9-A483F23A1A5D}"
EndProject
Project("{9A19103F-16F7-4668-BE54-9A1E7A4F7556}") = "LKN.EBusiness.HttpApi.Host", "src\LKN.EBusiness.HttpApi.Host\LKN.EBusiness.HttpApi.Host.csproj", "{CF224EF7-3E25-4FEA-8EF3-D3F5070EAE38}"
EndProject
Project("{2150E333-8FDC-42A3-9474-1A3956D46DE8}") = "pc", "pc", "{F52FD0BA-982D-47E7-8D4D-DF5DE4CBEE2E}"
EndProject
Project("{2150E333-8FDC-42A3-9474-1A3956D46DE8}") = "app", "app", "{E3B5939D-E400-484A-9BF4-AA9105A316B8}"
EndProject
Project("{2150E333-8FDC-42A3-9474-1A3956D46DE8}") = "remote", "remote", "{23F120EA-7990-48E3-B260-D09B60E1F1B3}"
EndProject
Project("{2150E333-8FDC-42A3-9474-1A3956D46DE8}") = "oa", "oa", "{F1A33A27-F5F1-4043-92D9-B9E444B62C5E}"
EndProject
Project("{9A19103F-16F7-4668-BE54-9A1E7A4F7556}") = "LKN.OA.HttpApi.Host", "LKN.OA\LKN.OA.HttpApi.Host\LKN.OA.HttpApi.Host.csproj", "{AB0231A7-7107-4047-BB70-D76F53E0507F}"
EndProject
Project("{2150E333-8FDC-42A3-9474-1A3956D46DE8}") = "rabbtitmq", "rabbtitmq", "{1B243BD7-19F8-4492-BDC2-7AC83BE78128}"
EndProject
Project("{2150E333-8FDC-42A3-9474-1A3956D46DE8}") = "website", "website", "{5A9D963F-BDA6-4FE8-898C-10C82C859200}"
EndProject
Project("{2150E333-8FDC-42A3-9474-1A3956D46DE8}") = "microservices", "microservices", "{C6B94973-D34C-4022-BE0C-9B0810F1A678}"
EndProject
Project("{9A19103F-16F7-4668-BE54-9A1E7A4F7556}") = "LKN.EamilService", "rabbtitmq\microservices\LKN.EamilService\LKN.EamilService.csproj", "{9A9A805A-BEC4-4FC3-A6A8-4241EE9F9280}"
EndProject
Project("{9A19103F-16F7-4668-BE54-9A1E7A4F7556}") = "LKN.OrderService", "rabbtitmq\microservices\LKN.OrderService\LKN.OrderService.csproj", "{34703AFC-832B-4F67-8DEC-8343305E07FC}"
EndProject
Project("{9A19103F-16F7-4668-BE54-9A1E7A4F7556}") = "LKN.ProductService", "rabbtitmq\microservices\LKN.ProductService\LKN.ProductService.csproj", "{C3CBFA95-98FA-431A-B793-E2ED82CD81E0}"
EndProject
Project("{9A19103F-16F7-4668-BE54-9A1E7A4F7556}") = "LKN.ShopcarService", "rabbtitmq\microservices\LKN.ShopcarService\LKN.ShopcarService.csproj", "{B8AD214D-F3E0-416C-8D9E-3EC6E851C161}"
EndProject
Project("{9A19103F-16F7-4668-BE54-9A1E7A4F7556}") = "LKN.SmsService", "rabbtitmq\microservices\LKN.SmsService\LKN.SmsService.csproj", "{50803E95-C581-4B5C-AF40-DF5FC72EFD4B}"
EndProject
Project("{9A19103F-16F7-4668-BE54-9A1E7A4F7556}") = "LKN.EBusiness", "rabbtitmq\website\LKN.EBusiness\LKN.EBusiness.csproj", "{890D5436-15B8-44C1-967E-9B4E4D5ED1D2}"
EndProject
Project("{2150E333-8FDC-42A3-9474-1A3956D46DE8}") = "kafka", "kafka", "{D4CC172F-6174-4150-9B26-730035863417}"
EndProject
Project("{2150E333-8FDC-42A3-9474-1A3956D46DE8}") = "microservices", "microservices", "{0AE72EE6-CCE0-4840-8752-AB43BC6E22E9}"
EndProject
Project("{2150E333-8FDC-42A3-9474-1A3956D46DE8}") = "websilte", "websilte", "{C01FA5C0-F372-4D13-8738-FCD7A8EF6631}"
EndProject
Project("{9A19103F-16F7-4668-BE54-9A1E7A4F7556}") = "LKN.EamilService", "kafka\microservices\LKN.EamilService\LKN.EamilService.csproj", "{3B29AB19-EFE4-47E7-AA2C-43D0C2041615}"
EndProject
Project("{9A19103F-16F7-4668-BE54-9A1E7A4F7556}") = "LKN.EBusiness", "kafka\website\LKN.EBusiness\LKN.EBusiness.csproj", "{F0333EEB-7829-430C-B257-36DBA3582206}"
EndProject
Project("{9A19103F-16F7-4668-BE54-9A1E7A4F7556}") = "LKN.OrderService", "kafka\microservices\LKN.OrderService\LKN.OrderService.csproj", "{BBA887B2-8A29-450C-8225-0AE72A30E58A}"
EndProject
Project("{9A19103F-16F7-4668-BE54-9A1E7A4F7556}") = "LKN.ProductService", "kafka\microservices\LKN.ProductService\LKN.ProductService.csproj", "{D50177DB-7A53-48E8-9E9A-42BF8511810D}"
EndProject
Project("{9A19103F-16F7-4668-BE54-9A1E7A4F7556}") = "LKN.ShopcarService", "kafka\microservices\LKN.ShopcarService\LKN.ShopcarService.csproj", "{C0ED6323-AA29-4C3B-9733-CD59C7FA8258}"
EndProject
Project("{9A19103F-16F7-4668-BE54-9A1E7A4F7556}") = "LKN.SmsService", "kafka\microservices\LKN.SmsService\LKN.SmsService.csproj", "{E398C721-F529-46F0-A428-43D3626F79C4}"
EndProject
Project("{2150E333-8FDC-42A3-9474-1A3956D46DE8}") = "nginx", "nginx", "{0B14CD22-9B83-4943-A265-808562813DF8}"
EndProject
Project("{FAE04EC0-301F-11D3-BF4B-00C04F79EFBC}") = "LKN.EBusiness.Web", "LKN.EBusiness.Web\LKN.EBusiness.Web.csproj", "{B50EC593-6557-4827-ADE8-E7141AC8DCF8}"
EndProject
Global
	GlobalSection(SolutionConfigurationPlatforms) = preSolution
		Debug|Any CPU = Debug|Any CPU
		Release|Any CPU = Release|Any CPU
	EndGlobalSection
	GlobalSection(ProjectConfigurationPlatforms) = postSolution
		{554AD327-6DBA-4F8F-96F8-81CE7A0C863F}.Debug|Any CPU.ActiveCfg = Debug|Any CPU
		{554AD327-6DBA-4F8F-96F8-81CE7A0C863F}.Debug|Any CPU.Build.0 = Debug|Any CPU
		{554AD327-6DBA-4F8F-96F8-81CE7A0C863F}.Release|Any CPU.ActiveCfg = Release|Any CPU
		{554AD327-6DBA-4F8F-96F8-81CE7A0C863F}.Release|Any CPU.Build.0 = Release|Any CPU
		{1A94A50E-06DC-43C1-80B5-B662820EC3EB}.Debug|Any CPU.ActiveCfg = Debug|Any CPU
		{1A94A50E-06DC-43C1-80B5-B662820EC3EB}.Debug|Any CPU.Build.0 = Debug|Any CPU
		{1A94A50E-06DC-43C1-80B5-B662820EC3EB}.Release|Any CPU.ActiveCfg = Release|Any CPU
		{1A94A50E-06DC-43C1-80B5-B662820EC3EB}.Release|Any CPU.Build.0 = Release|Any CPU
		{C956DD76-69C8-4A9C-83EA-D17DF83340FD}.Debug|Any CPU.ActiveCfg = Debug|Any CPU
		{C956DD76-69C8-4A9C-83EA-D17DF83340FD}.Debug|Any CPU.Build.0 = Debug|Any CPU
		{C956DD76-69C8-4A9C-83EA-D17DF83340FD}.Release|Any CPU.ActiveCfg = Release|Any CPU
		{C956DD76-69C8-4A9C-83EA-D17DF83340FD}.Release|Any CPU.Build.0 = Release|Any CPU
		{068855E8-9240-4F1A-910B-CF825794513B}.Debug|Any CPU.ActiveCfg = Debug|Any CPU
		{068855E8-9240-4F1A-910B-CF825794513B}.Debug|Any CPU.Build.0 = Debug|Any CPU
		{068855E8-9240-4F1A-910B-CF825794513B}.Release|Any CPU.ActiveCfg = Release|Any CPU
		{068855E8-9240-4F1A-910B-CF825794513B}.Release|Any CPU.Build.0 = Release|Any CPU
		{50B2631D-129C-47B3-A587-029CCD6099BC}.Debug|Any CPU.ActiveCfg = Debug|Any CPU
		{50B2631D-129C-47B3-A587-029CCD6099BC}.Debug|Any CPU.Build.0 = Debug|Any CPU
		{50B2631D-129C-47B3-A587-029CCD6099BC}.Release|Any CPU.ActiveCfg = Release|Any CPU
		{50B2631D-129C-47B3-A587-029CCD6099BC}.Release|Any CPU.Build.0 = Release|Any CPU
		{5F1B28C6-8D0C-4155-92D0-252F7EA5F674}.Debug|Any CPU.ActiveCfg = Debug|Any CPU
		{5F1B28C6-8D0C-4155-92D0-252F7EA5F674}.Debug|Any CPU.Build.0 = Debug|Any CPU
		{5F1B28C6-8D0C-4155-92D0-252F7EA5F674}.Release|Any CPU.ActiveCfg = Release|Any CPU
		{5F1B28C6-8D0C-4155-92D0-252F7EA5F674}.Release|Any CPU.Build.0 = Release|Any CPU
		{42F719ED-8413-4895-B5B4-5AB56079BC66}.Debug|Any CPU.ActiveCfg = Debug|Any CPU
		{42F719ED-8413-4895-B5B4-5AB56079BC66}.Debug|Any CPU.Build.0 = Debug|Any CPU
		{42F719ED-8413-4895-B5B4-5AB56079BC66}.Release|Any CPU.ActiveCfg = Release|Any CPU
		{42F719ED-8413-4895-B5B4-5AB56079BC66}.Release|Any CPU.Build.0 = Release|Any CPU
		{520659C8-C734-4298-A3DA-B539DB9DFC0B}.Debug|Any CPU.ActiveCfg = Debug|Any CPU
		{520659C8-C734-4298-A3DA-B539DB9DFC0B}.Debug|Any CPU.Build.0 = Debug|Any CPU
		{520659C8-C734-4298-A3DA-B539DB9DFC0B}.Release|Any CPU.ActiveCfg = Release|Any CPU
		{520659C8-C734-4298-A3DA-B539DB9DFC0B}.Release|Any CPU.Build.0 = Release|Any CPU
		{4164BDF7-F527-4E85-9CE6-E3C2D7426A27}.Debug|Any CPU.ActiveCfg = Debug|Any CPU
		{4164BDF7-F527-4E85-9CE6-E3C2D7426A27}.Debug|Any CPU.Build.0 = Debug|Any CPU
		{4164BDF7-F527-4E85-9CE6-E3C2D7426A27}.Release|Any CPU.ActiveCfg = Release|Any CPU
		{4164BDF7-F527-4E85-9CE6-E3C2D7426A27}.Release|Any CPU.Build.0 = Release|Any CPU
		{3B5A0094-670D-4BB1-BFDD-61B88A8773DC}.Debug|Any CPU.ActiveCfg = Debug|Any CPU
		{3B5A0094-670D-4BB1-BFDD-61B88A8773DC}.Debug|Any CPU.Build.0 = Debug|Any CPU
		{3B5A0094-670D-4BB1-BFDD-61B88A8773DC}.Release|Any CPU.ActiveCfg = Release|Any CPU
		{3B5A0094-670D-4BB1-BFDD-61B88A8773DC}.Release|Any CPU.Build.0 = Release|Any CPU
		{1FE30EB9-74A9-47F5-A9F6-7B1FAB672D81}.Debug|Any CPU.ActiveCfg = Debug|Any CPU
		{1FE30EB9-74A9-47F5-A9F6-7B1FAB672D81}.Debug|Any CPU.Build.0 = Debug|Any CPU
		{1FE30EB9-74A9-47F5-A9F6-7B1FAB672D81}.Release|Any CPU.ActiveCfg = Release|Any CPU
		{1FE30EB9-74A9-47F5-A9F6-7B1FAB672D81}.Release|Any CPU.Build.0 = Release|Any CPU
		{91853F21-9CD9-4132-BC29-A7D5D84FFFE7}.Debug|Any CPU.ActiveCfg = Debug|Any CPU
		{91853F21-9CD9-4132-BC29-A7D5D84FFFE7}.Debug|Any CPU.Build.0 = Debug|Any CPU
		{91853F21-9CD9-4132-BC29-A7D5D84FFFE7}.Release|Any CPU.ActiveCfg = Release|Any CPU
		{91853F21-9CD9-4132-BC29-A7D5D84FFFE7}.Release|Any CPU.Build.0 = Release|Any CPU
		{E512F4D9-9375-480F-A2F6-A46509F9D824}.Debug|Any CPU.ActiveCfg = Debug|Any CPU
		{E512F4D9-9375-480F-A2F6-A46509F9D824}.Debug|Any CPU.Build.0 = Debug|Any CPU
		{E512F4D9-9375-480F-A2F6-A46509F9D824}.Release|Any CPU.ActiveCfg = Release|Any CPU
		{E512F4D9-9375-480F-A2F6-A46509F9D824}.Release|Any CPU.Build.0 = Release|Any CPU
		{EF480016-9127-4916-8735-D2466BDBC582}.Debug|Any CPU.ActiveCfg = Debug|Any CPU
		{EF480016-9127-4916-8735-D2466BDBC582}.Debug|Any CPU.Build.0 = Debug|Any CPU
		{EF480016-9127-4916-8735-D2466BDBC582}.Release|Any CPU.ActiveCfg = Release|Any CPU
		{EF480016-9127-4916-8735-D2466BDBC582}.Release|Any CPU.Build.0 = Release|Any CPU
		{AA94D832-1CCC-4715-95A9-A483F23A1A5D}.Debug|Any CPU.ActiveCfg = Debug|Any CPU
		{AA94D832-1CCC-4715-95A9-A483F23A1A5D}.Debug|Any CPU.Build.0 = Debug|Any CPU
		{AA94D832-1CCC-4715-95A9-A483F23A1A5D}.Release|Any CPU.ActiveCfg = Release|Any CPU
		{AA94D832-1CCC-4715-95A9-A483F23A1A5D}.Release|Any CPU.Build.0 = Release|Any CPU
		{CF224EF7-3E25-4FEA-8EF3-D3F5070EAE38}.Debug|Any CPU.ActiveCfg = Debug|Any CPU
		{CF224EF7-3E25-4FEA-8EF3-D3F5070EAE38}.Debug|Any CPU.Build.0 = Debug|Any CPU
		{CF224EF7-3E25-4FEA-8EF3-D3F5070EAE38}.Release|Any CPU.ActiveCfg = Release|Any CPU
		{CF224EF7-3E25-4FEA-8EF3-D3F5070EAE38}.Release|Any CPU.Build.0 = Release|Any CPU
		{AB0231A7-7107-4047-BB70-D76F53E0507F}.Debug|Any CPU.ActiveCfg = Debug|Any CPU
		{AB0231A7-7107-4047-BB70-D76F53E0507F}.Debug|Any CPU.Build.0 = Debug|Any CPU
		{AB0231A7-7107-4047-BB70-D76F53E0507F}.Release|Any CPU.ActiveCfg = Release|Any CPU
		{AB0231A7-7107-4047-BB70-D76F53E0507F}.Release|Any CPU.Build.0 = Release|Any CPU
		{9A9A805A-BEC4-4FC3-A6A8-4241EE9F9280}.Debug|Any CPU.ActiveCfg = Debug|Any CPU
		{9A9A805A-BEC4-4FC3-A6A8-4241EE9F9280}.Debug|Any CPU.Build.0 = Debug|Any CPU
		{9A9A805A-BEC4-4FC3-A6A8-4241EE9F9280}.Release|Any CPU.ActiveCfg = Release|Any CPU
		{9A9A805A-BEC4-4FC3-A6A8-4241EE9F9280}.Release|Any CPU.Build.0 = Release|Any CPU
		{34703AFC-832B-4F67-8DEC-8343305E07FC}.Debug|Any CPU.ActiveCfg = Debug|Any CPU
		{34703AFC-832B-4F67-8DEC-8343305E07FC}.Debug|Any CPU.Build.0 = Debug|Any CPU
		{34703AFC-832B-4F67-8DEC-8343305E07FC}.Release|Any CPU.ActiveCfg = Release|Any CPU
		{34703AFC-832B-4F67-8DEC-8343305E07FC}.Release|Any CPU.Build.0 = Release|Any CPU
		{C3CBFA95-98FA-431A-B793-E2ED82CD81E0}.Debug|Any CPU.ActiveCfg = Debug|Any CPU
		{C3CBFA95-98FA-431A-B793-E2ED82CD81E0}.Debug|Any CPU.Build.0 = Debug|Any CPU
		{C3CBFA95-98FA-431A-B793-E2ED82CD81E0}.Release|Any CPU.ActiveCfg = Release|Any CPU
		{C3CBFA95-98FA-431A-B793-E2ED82CD81E0}.Release|Any CPU.Build.0 = Release|Any CPU
		{B8AD214D-F3E0-416C-8D9E-3EC6E851C161}.Debug|Any CPU.ActiveCfg = Debug|Any CPU
		{B8AD214D-F3E0-416C-8D9E-3EC6E851C161}.Debug|Any CPU.Build.0 = Debug|Any CPU
		{B8AD214D-F3E0-416C-8D9E-3EC6E851C161}.Release|Any CPU.ActiveCfg = Release|Any CPU
		{B8AD214D-F3E0-416C-8D9E-3EC6E851C161}.Release|Any CPU.Build.0 = Release|Any CPU
		{50803E95-C581-4B5C-AF40-DF5FC72EFD4B}.Debug|Any CPU.ActiveCfg = Debug|Any CPU
		{50803E95-C581-4B5C-AF40-DF5FC72EFD4B}.Debug|Any CPU.Build.0 = Debug|Any CPU
		{50803E95-C581-4B5C-AF40-DF5FC72EFD4B}.Release|Any CPU.ActiveCfg = Release|Any CPU
		{50803E95-C581-4B5C-AF40-DF5FC72EFD4B}.Release|Any CPU.Build.0 = Release|Any CPU
		{890D5436-15B8-44C1-967E-9B4E4D5ED1D2}.Debug|Any CPU.ActiveCfg = Debug|Any CPU
		{890D5436-15B8-44C1-967E-9B4E4D5ED1D2}.Debug|Any CPU.Build.0 = Debug|Any CPU
		{890D5436-15B8-44C1-967E-9B4E4D5ED1D2}.Release|Any CPU.ActiveCfg = Release|Any CPU
		{890D5436-15B8-44C1-967E-9B4E4D5ED1D2}.Release|Any CPU.Build.0 = Release|Any CPU
		{3B29AB19-EFE4-47E7-AA2C-43D0C2041615}.Debug|Any CPU.ActiveCfg = Debug|Any CPU
		{3B29AB19-EFE4-47E7-AA2C-43D0C2041615}.Debug|Any CPU.Build.0 = Debug|Any CPU
		{3B29AB19-EFE4-47E7-AA2C-43D0C2041615}.Release|Any CPU.ActiveCfg = Release|Any CPU
		{3B29AB19-EFE4-47E7-AA2C-43D0C2041615}.Release|Any CPU.Build.0 = Release|Any CPU
		{F0333EEB-7829-430C-B257-36DBA3582206}.Debug|Any CPU.ActiveCfg = Debug|Any CPU
		{F0333EEB-7829-430C-B257-36DBA3582206}.Debug|Any CPU.Build.0 = Debug|Any CPU
		{F0333EEB-7829-430C-B257-36DBA3582206}.Release|Any CPU.ActiveCfg = Release|Any CPU
		{F0333EEB-7829-430C-B257-36DBA3582206}.Release|Any CPU.Build.0 = Release|Any CPU
		{BBA887B2-8A29-450C-8225-0AE72A30E58A}.Debug|Any CPU.ActiveCfg = Debug|Any CPU
		{BBA887B2-8A29-450C-8225-0AE72A30E58A}.Debug|Any CPU.Build.0 = Debug|Any CPU
		{BBA887B2-8A29-450C-8225-0AE72A30E58A}.Release|Any CPU.ActiveCfg = Release|Any CPU
		{BBA887B2-8A29-450C-8225-0AE72A30E58A}.Release|Any CPU.Build.0 = Release|Any CPU
		{D50177DB-7A53-48E8-9E9A-42BF8511810D}.Debug|Any CPU.ActiveCfg = Debug|Any CPU
		{D50177DB-7A53-48E8-9E9A-42BF8511810D}.Debug|Any CPU.Build.0 = Debug|Any CPU
		{D50177DB-7A53-48E8-9E9A-42BF8511810D}.Release|Any CPU.ActiveCfg = Release|Any CPU
		{D50177DB-7A53-48E8-9E9A-42BF8511810D}.Release|Any CPU.Build.0 = Release|Any CPU
		{C0ED6323-AA29-4C3B-9733-CD59C7FA8258}.Debug|Any CPU.ActiveCfg = Debug|Any CPU
		{C0ED6323-AA29-4C3B-9733-CD59C7FA8258}.Debug|Any CPU.Build.0 = Debug|Any CPU
		{C0ED6323-AA29-4C3B-9733-CD59C7FA8258}.Release|Any CPU.ActiveCfg = Release|Any CPU
		{C0ED6323-AA29-4C3B-9733-CD59C7FA8258}.Release|Any CPU.Build.0 = Release|Any CPU
		{E398C721-F529-46F0-A428-43D3626F79C4}.Debug|Any CPU.ActiveCfg = Debug|Any CPU
		{E398C721-F529-46F0-A428-43D3626F79C4}.Debug|Any CPU.Build.0 = Debug|Any CPU
		{E398C721-F529-46F0-A428-43D3626F79C4}.Release|Any CPU.ActiveCfg = Release|Any CPU
		{E398C721-F529-46F0-A428-43D3626F79C4}.Release|Any CPU.Build.0 = Release|Any CPU
		{B50EC593-6557-4827-ADE8-E7141AC8DCF8}.Debug|Any CPU.ActiveCfg = Debug|Any CPU
		{B50EC593-6557-4827-ADE8-E7141AC8DCF8}.Debug|Any CPU.Build.0 = Debug|Any CPU
		{B50EC593-6557-4827-ADE8-E7141AC8DCF8}.Release|Any CPU.ActiveCfg = Release|Any CPU
		{B50EC593-6557-4827-ADE8-E7141AC8DCF8}.Release|Any CPU.Build.0 = Release|Any CPU
	EndGlobalSection
	GlobalSection(SolutionProperties) = preSolution
		HideSolutionNode = FALSE
	EndGlobalSection
	GlobalSection(NestedProjects) = preSolution
		{554AD327-6DBA-4F8F-96F8-81CE7A0C863F} = {CA9AC87F-097E-4F15-8393-4BC07735A5B0}
		{1A94A50E-06DC-43C1-80B5-B662820EC3EB} = {CA9AC87F-097E-4F15-8393-4BC07735A5B0}
		{C956DD76-69C8-4A9C-83EA-D17DF83340FD} = {CA9AC87F-097E-4F15-8393-4BC07735A5B0}
		{068855E8-9240-4F1A-910B-CF825794513B} = {CA9AC87F-097E-4F15-8393-4BC07735A5B0}
		{50B2631D-129C-47B3-A587-029CCD6099BC} = {04DBDB01-70F4-4E06-B468-8F87850B22BE}
		{5F1B28C6-8D0C-4155-92D0-252F7EA5F674} = {04DBDB01-70F4-4E06-B468-8F87850B22BE}
		{42F719ED-8413-4895-B5B4-5AB56079BC66} = {CA9AC87F-097E-4F15-8393-4BC07735A5B0}
		{520659C8-C734-4298-A3DA-B539DB9DFC0B} = {CA9AC87F-097E-4F15-8393-4BC07735A5B0}
		{4164BDF7-F527-4E85-9CE6-E3C2D7426A27} = {CA9AC87F-097E-4F15-8393-4BC07735A5B0}
		{3B5A0094-670D-4BB1-BFDD-61B88A8773DC} = {CA9AC87F-097E-4F15-8393-4BC07735A5B0}
		{1FE30EB9-74A9-47F5-A9F6-7B1FAB672D81} = {04DBDB01-70F4-4E06-B468-8F87850B22BE}
		{91853F21-9CD9-4132-BC29-A7D5D84FFFE7} = {04DBDB01-70F4-4E06-B468-8F87850B22BE}
		{E512F4D9-9375-480F-A2F6-A46509F9D824} = {04DBDB01-70F4-4E06-B468-8F87850B22BE}
		{EF480016-9127-4916-8735-D2466BDBC582} = {04DBDB01-70F4-4E06-B468-8F87850B22BE}
		{AA94D832-1CCC-4715-95A9-A483F23A1A5D} = {CA9AC87F-097E-4F15-8393-4BC07735A5B0}
		{CF224EF7-3E25-4FEA-8EF3-D3F5070EAE38} = {CA9AC87F-097E-4F15-8393-4BC07735A5B0}
		{F52FD0BA-982D-47E7-8D4D-DF5DE4CBEE2E} = {CA9AC87F-097E-4F15-8393-4BC07735A5B0}
		{E3B5939D-E400-484A-9BF4-AA9105A316B8} = {CA9AC87F-097E-4F15-8393-4BC07735A5B0}
		{23F120EA-7990-48E3-B260-D09B60E1F1B3} = {CA9AC87F-097E-4F15-8393-4BC07735A5B0}
		{F1A33A27-F5F1-4043-92D9-B9E444B62C5E} = {CA9AC87F-097E-4F15-8393-4BC07735A5B0}
		{AB0231A7-7107-4047-BB70-D76F53E0507F} = {F1A33A27-F5F1-4043-92D9-B9E444B62C5E}
		{5A9D963F-BDA6-4FE8-898C-10C82C859200} = {1B243BD7-19F8-4492-BDC2-7AC83BE78128}
		{C6B94973-D34C-4022-BE0C-9B0810F1A678} = {1B243BD7-19F8-4492-BDC2-7AC83BE78128}
		{9A9A805A-BEC4-4FC3-A6A8-4241EE9F9280} = {C6B94973-D34C-4022-BE0C-9B0810F1A678}
		{34703AFC-832B-4F67-8DEC-8343305E07FC} = {C6B94973-D34C-4022-BE0C-9B0810F1A678}
		{C3CBFA95-98FA-431A-B793-E2ED82CD81E0} = {C6B94973-D34C-4022-BE0C-9B0810F1A678}
		{B8AD214D-F3E0-416C-8D9E-3EC6E851C161} = {C6B94973-D34C-4022-BE0C-9B0810F1A678}
		{50803E95-C581-4B5C-AF40-DF5FC72EFD4B} = {C6B94973-D34C-4022-BE0C-9B0810F1A678}
		{890D5436-15B8-44C1-967E-9B4E4D5ED1D2} = {5A9D963F-BDA6-4FE8-898C-10C82C859200}
		{0AE72EE6-CCE0-4840-8752-AB43BC6E22E9} = {D4CC172F-6174-4150-9B26-730035863417}
		{C01FA5C0-F372-4D13-8738-FCD7A8EF6631} = {D4CC172F-6174-4150-9B26-730035863417}
		{3B29AB19-EFE4-47E7-AA2C-43D0C2041615} = {0AE72EE6-CCE0-4840-8752-AB43BC6E22E9}
		{F0333EEB-7829-430C-B257-36DBA3582206} = {C01FA5C0-F372-4D13-8738-FCD7A8EF6631}
		{BBA887B2-8A29-450C-8225-0AE72A30E58A} = {0AE72EE6-CCE0-4840-8752-AB43BC6E22E9}
		{D50177DB-7A53-48E8-9E9A-42BF8511810D} = {0AE72EE6-CCE0-4840-8752-AB43BC6E22E9}
		{C0ED6323-AA29-4C3B-9733-CD59C7FA8258} = {0AE72EE6-CCE0-4840-8752-AB43BC6E22E9}
		{E398C721-F529-46F0-A428-43D3626F79C4} = {0AE72EE6-CCE0-4840-8752-AB43BC6E22E9}
		{B50EC593-6557-4827-ADE8-E7141AC8DCF8} = {0B14CD22-9B83-4943-A265-808562813DF8}
	EndGlobalSection
	GlobalSection(ExtensibilityGlobals) = postSolution
		SolutionGuid = {28315BFD-90E7-4E14-A2EA-F3D23AF4126F}
	EndGlobalSection
EndGlobal
