
Microsoft Visual Studio Solution File, Format Version 12.00
# Visual Studio Version 16
VisualStudioVersion = 16.0.30711.63
MinimumVisualStudioVersion = 10.0.40219.1
Project("{9A19103F-16F7-4668-BE54-9A1E7A4F7556}") = "YDT.ProductService", "YDT.ProductService.csproj", "{18282DD2-67E3-47ED-A2FE-350BDF37B4E8}"
EndProject
Project("{9A19103F-16F7-4668-BE54-9A1E7A4F7556}") = "YDT.ShopcarService", "..\YDT.ShopcarService\YDT.ShopcarService.csproj", "{7AC7523E-84B1-4523-A836-8DC11EACE84D}"
EndProject
Project("{2150E333-8FDC-42A3-9474-1A3956D46DE8}") = "src", "src", "{8EB42833-E589-4C3C-AA99-7C1F58201E05}"
EndProject
Project("{2150E333-8FDC-42A3-9474-1A3956D46DE8}") = "test", "test", "{842037A3-B335-419B-AD48-0A7AE1A6C314}"
EndProject
Project("{9A19103F-16F7-4668-BE54-9A1E7A4F7556}") = "YDT.OrderService", "..\YDT.OrderService\YDT.OrderService.csproj", "{165428B3-5E8E-4168-9573-108696F5F5FE}"
EndProject
Project("{9A19103F-16F7-4668-BE54-9A1E7A4F7556}") = "YDT.SmsService", "..\YDT.SmsService\YDT.SmsService.csproj", "{6854DC2E-37AD-435E-A042-FC38339B2A16}"
EndProject
Project("{2150E333-8FDC-42A3-9474-1A3956D46DE8}") = "microservices", "microservices", "{88FC188D-51C7-4563-A88F-64C9A8D5CB27}"
EndProject
Project("{2150E333-8FDC-42A3-9474-1A3956D46DE8}") = "website", "website", "{9E77B6DA-6CA9-4DC3-81F6-98BBD4045849}"
EndProject
Project("{9A19103F-16F7-4668-BE54-9A1E7A4F7556}") = "YDT.EBusiness", "..\YDT.EBusiness\YDT.EBusiness.csproj", "{19A3BFB0-4B0C-4F66-ABDF-FF232888614B}"
EndProject
Project("{FAE04EC0-301F-11D3-BF4B-00C04F79EFBC}") = "YDT.EamilService", "..\YDT.EamilService\YDT.EamilService.csproj", "{C90F8BC8-FCC8-45AB-B9FE-00AE56EB0E1A}"
EndProject
Global
	GlobalSection(SolutionConfigurationPlatforms) = preSolution
		Debug|Any CPU = Debug|Any CPU
		Release|Any CPU = Release|Any CPU
	EndGlobalSection
	GlobalSection(ProjectConfigurationPlatforms) = postSolution
		{18282DD2-67E3-47ED-A2FE-350BDF37B4E8}.Debug|Any CPU.ActiveCfg = Debug|Any CPU
		{18282DD2-67E3-47ED-A2FE-350BDF37B4E8}.Debug|Any CPU.Build.0 = Debug|Any CPU
		{18282DD2-67E3-47ED-A2FE-350BDF37B4E8}.Release|Any CPU.ActiveCfg = Release|Any CPU
		{18282DD2-67E3-47ED-A2FE-350BDF37B4E8}.Release|Any CPU.Build.0 = Release|Any CPU
		{7AC7523E-84B1-4523-A836-8DC11EACE84D}.Debug|Any CPU.ActiveCfg = Debug|Any CPU
		{7AC7523E-84B1-4523-A836-8DC11EACE84D}.Debug|Any CPU.Build.0 = Debug|Any CPU
		{7AC7523E-84B1-4523-A836-8DC11EACE84D}.Release|Any CPU.ActiveCfg = Release|Any CPU
		{7AC7523E-84B1-4523-A836-8DC11EACE84D}.Release|Any CPU.Build.0 = Release|Any CPU
		{165428B3-5E8E-4168-9573-108696F5F5FE}.Debug|Any CPU.ActiveCfg = Debug|Any CPU
		{165428B3-5E8E-4168-9573-108696F5F5FE}.Debug|Any CPU.Build.0 = Debug|Any CPU
		{165428B3-5E8E-4168-9573-108696F5F5FE}.Release|Any CPU.ActiveCfg = Release|Any CPU
		{165428B3-5E8E-4168-9573-108696F5F5FE}.Release|Any CPU.Build.0 = Release|Any CPU
		{6854DC2E-37AD-435E-A042-FC38339B2A16}.Debug|Any CPU.ActiveCfg = Debug|Any CPU
		{6854DC2E-37AD-435E-A042-FC38339B2A16}.Debug|Any CPU.Build.0 = Debug|Any CPU
		{6854DC2E-37AD-435E-A042-FC38339B2A16}.Release|Any CPU.ActiveCfg = Release|Any CPU
		{6854DC2E-37AD-435E-A042-FC38339B2A16}.Release|Any CPU.Build.0 = Release|Any CPU
		{19A3BFB0-4B0C-4F66-ABDF-FF232888614B}.Debug|Any CPU.ActiveCfg = Debug|Any CPU
		{19A3BFB0-4B0C-4F66-ABDF-FF232888614B}.Debug|Any CPU.Build.0 = Debug|Any CPU
		{19A3BFB0-4B0C-4F66-ABDF-FF232888614B}.Release|Any CPU.ActiveCfg = Release|Any CPU
		{19A3BFB0-4B0C-4F66-ABDF-FF232888614B}.Release|Any CPU.Build.0 = Release|Any CPU
		{C90F8BC8-FCC8-45AB-B9FE-00AE56EB0E1A}.Debug|Any CPU.ActiveCfg = Debug|Any CPU
		{C90F8BC8-FCC8-45AB-B9FE-00AE56EB0E1A}.Debug|Any CPU.Build.0 = Debug|Any CPU
		{C90F8BC8-FCC8-45AB-B9FE-00AE56EB0E1A}.Release|Any CPU.ActiveCfg = Release|Any CPU
		{C90F8BC8-FCC8-45AB-B9FE-00AE56EB0E1A}.Release|Any CPU.Build.0 = Release|Any CPU
	EndGlobalSection
	GlobalSection(SolutionProperties) = preSolution
		HideSolutionNode = FALSE
	EndGlobalSection
	GlobalSection(NestedProjects) = preSolution
		{18282DD2-67E3-47ED-A2FE-350BDF37B4E8} = {88FC188D-51C7-4563-A88F-64C9A8D5CB27}
		{7AC7523E-84B1-4523-A836-8DC11EACE84D} = {88FC188D-51C7-4563-A88F-64C9A8D5CB27}
		{165428B3-5E8E-4168-9573-108696F5F5FE} = {88FC188D-51C7-4563-A88F-64C9A8D5CB27}
		{6854DC2E-37AD-435E-A042-FC38339B2A16} = {88FC188D-51C7-4563-A88F-64C9A8D5CB27}
		{88FC188D-51C7-4563-A88F-64C9A8D5CB27} = {8EB42833-E589-4C3C-AA99-7C1F58201E05}
		{9E77B6DA-6CA9-4DC3-81F6-98BBD4045849} = {8EB42833-E589-4C3C-AA99-7C1F58201E05}
		{19A3BFB0-4B0C-4F66-ABDF-FF232888614B} = {9E77B6DA-6CA9-4DC3-81F6-98BBD4045849}
		{C90F8BC8-FCC8-45AB-B9FE-00AE56EB0E1A} = {88FC188D-51C7-4563-A88F-64C9A8D5CB27}
	EndGlobalSection
	GlobalSection(ExtensibilityGlobals) = postSolution
		SolutionGuid = {A80AD3D0-02BF-4751-B8BB-FF1AC36C07D8}
	EndGlobalSection
EndGlobal
